
Microsoft Visual Studio Solution File, Format Version 12.00
# Visual Studio Version 17
VisualStudioVersion = 17.1.32407.343
MinimumVisualStudioVersion = 10.0.40219.1
Project("{2150E333-8FDC-42A3-9474-1A3956D46DE8}") = "AuthService", "AuthService", "{F58DE641-0380-4ABB-885B-50DA6C131EBE}"
	ProjectSection(SolutionItems) = preProject
		AuthService\AuthService.Configurations.targets = AuthService\AuthService.Configurations.targets
	EndProjectSection
EndProject
Project("{9A19103F-16F7-4668-BE54-9A1E7A4F7556}") = "AuthService.Broker", "AuthService\AuthService.Broker\AuthService.Broker.csproj", "{BCE92FE5-0A7D-4163-A689-03819D1C9806}"
EndProject
Project("{9A19103F-16F7-4668-BE54-9A1E7A4F7556}") = "AuthService.Business", "AuthService\AuthService.Business\AuthService.Business.csproj", "{F8B0138E-31D7-4EF9-AE30-EC9DC316F017}"
EndProject
Project("{9A19103F-16F7-4668-BE54-9A1E7A4F7556}") = "AuthService.Models.Dto", "AuthService\AuthService.Models.Dto\AuthService.Models.Dto.csproj", "{0DFCE39A-01FD-4BFF-9E22-AF52ABF2BC0C}"
EndProject
Project("{9A19103F-16F7-4668-BE54-9A1E7A4F7556}") = "AuthService.Token", "AuthService\AuthService.Token\AuthService.Token.csproj", "{83BDBA93-AE00-433B-B388-6ADF72F9DAE9}"
EndProject
Project("{9A19103F-16F7-4668-BE54-9A1E7A4F7556}") = "AuthService.Validation", "AuthService\AuthService.Validation\AuthService.Validation.csproj", "{038532BB-AFAC-4D28-A776-4BDDD86A7691}"
EndProject
Project("{2150E333-8FDC-42A3-9474-1A3956D46DE8}") = "AdminService", "AdminService", "{9E407F53-A701-4085-AB39-417984ABD455}"
	ProjectSection(SolutionItems) = preProject
		AdminService\AdminService.Configurations.targets = AdminService\AdminService.Configurations.targets
	EndProjectSection
EndProject
Project("{2150E333-8FDC-42A3-9474-1A3956D46DE8}") = "Solution items", "Solution items", "{DAC682B1-EA2D-4822-946B-E3896F060968}"
	ProjectSection(SolutionItems) = preProject
		.dockerignore = .dockerignore
		.editorconfig = .editorconfig
		.gitignore = .gitignore
		Common.Configurations.targets = Common.Configurations.targets
		README.md = README.md
	EndProjectSection
EndProject
Project("{9A19103F-16F7-4668-BE54-9A1E7A4F7556}") = "AdminService", "AdminService\AdminService\AdminService.csproj", "{E0170B15-88C5-4162-B8DE-DFBB0CA05576}"
EndProject
Project("{9A19103F-16F7-4668-BE54-9A1E7A4F7556}") = "AdminService.Business", "AdminService\AdminService.Business\AdminService.Business.csproj", "{DAF27881-2816-45AA-AB5E-958E348ACE89}"
EndProject
Project("{9A19103F-16F7-4668-BE54-9A1E7A4F7556}") = "AdminService.Data", "AdminService\AdminService.Data\AdminService.Data.csproj", "{521D61D6-EC87-46FA-9FCB-4FF6B3ABAFEA}"
EndProject
Project("{9A19103F-16F7-4668-BE54-9A1E7A4F7556}") = "AdminService.Data.Provider", "AdminService\AdminService.Data.Provider\AdminService.Data.Provider.csproj", "{F126C088-314F-4931-AB8C-A32793037A82}"
EndProject
Project("{9A19103F-16F7-4668-BE54-9A1E7A4F7556}") = "AdminService.Data.Provider.MsSql.Ef", "AdminService\AdminService.Data.Provider.MsSql.Ef\AdminService.Data.Provider.MsSql.Ef.csproj", "{89171177-CC71-40F9-83A7-D160D6CF1032}"
EndProject
Project("{9A19103F-16F7-4668-BE54-9A1E7A4F7556}") = "AdminService.Mappers", "AdminService\AdminService.Mappers\AdminService.Mappers.csproj", "{8FEE558A-935E-4B86-8563-DEEDBF9C4F01}"
EndProject
Project("{9A19103F-16F7-4668-BE54-9A1E7A4F7556}") = "AdminService.Models.Db", "AdminService\AdminService.Models.Db\AdminService.Models.Db.csproj", "{9CD2A48A-CB90-48ED-86DC-A2192D1FE756}"
EndProject
Project("{9A19103F-16F7-4668-BE54-9A1E7A4F7556}") = "AdminService.Models.Dto", "AdminService\AdminService.Models.Dto\AdminService.Models.Dto.csproj", "{A2FD7666-F8B7-4E26-A7C9-9627C54A95B1}"
EndProject
Project("{9A19103F-16F7-4668-BE54-9A1E7A4F7556}") = "AdminService.Validation", "AdminService\AdminService.Validation\AdminService.Validation.csproj", "{24A60D0B-D0F9-4F81-92A1-CC0542BA38E5}"
EndProject
Project("{2150E333-8FDC-42A3-9474-1A3956D46DE8}") = "src", "src", "{917C0469-D500-4A6E-9D99-454E8D222B62}"
EndProject
Project("{2150E333-8FDC-42A3-9474-1A3956D46DE8}") = "EmailService", "EmailService", "{E377AF39-D38C-446B-AC92-6F58828FA849}"
	ProjectSection(SolutionItems) = preProject
		EmailService\EmailService.Configurations.targets = EmailService\EmailService.Configurations.targets
	EndProjectSection
EndProject
Project("{9A19103F-16F7-4668-BE54-9A1E7A4F7556}") = "EmailService.Broker", "EmailService\EmailService.Broker\EmailService.Broker.csproj", "{D787B3D6-6536-4EA5-A0C5-C7344AA0716C}"
EndProject
Project("{9A19103F-16F7-4668-BE54-9A1E7A4F7556}") = "EmailService.Business", "EmailService\EmailService.Business\EmailService.Business.csproj", "{D1A5C7B6-FB19-4E4C-BC88-C73D88778766}"
EndProject
Project("{9A19103F-16F7-4668-BE54-9A1E7A4F7556}") = "EmailService.Data", "EmailService\EmailService.Data\EmailService.Data.csproj", "{BAC773F2-3F12-4F26-8D3D-7BC41BC3999A}"
EndProject
Project("{9A19103F-16F7-4668-BE54-9A1E7A4F7556}") = "EmailService.Data.Provider", "EmailService\EmailService.Data.Provider\EmailService.Data.Provider.csproj", "{DC178D90-214E-4C98-991E-2216789165D5}"
EndProject
Project("{9A19103F-16F7-4668-BE54-9A1E7A4F7556}") = "EmailService.Data.Provider.MsSql.Ef", "EmailService\EmailService.Data.Provider.MsSql.Ef\EmailService.Data.Provider.MsSql.Ef.csproj", "{74AA5661-0809-4C24-A6B4-86B668A0378D}"
EndProject
Project("{9A19103F-16F7-4668-BE54-9A1E7A4F7556}") = "EmailService.Mappers", "EmailService\EmailService.Mappers\EmailService.Mappers.csproj", "{778643AB-E656-4D8C-A728-B8C0D196FA9A}"
EndProject
Project("{9A19103F-16F7-4668-BE54-9A1E7A4F7556}") = "EmailService.Models.Db", "EmailService\EmailService.Models.Db\EmailService.Models.Db.csproj", "{8384D37D-B682-4C5A-8D71-A42F95489E8C}"
EndProject
Project("{9A19103F-16F7-4668-BE54-9A1E7A4F7556}") = "EmailService.Models.Dto", "EmailService\EmailService.Models.Dto\EmailService.Models.Dto.csproj", "{18E2DE73-D022-44D4-A1A9-6C76DD02E835}"
EndProject
Project("{9A19103F-16F7-4668-BE54-9A1E7A4F7556}") = "EmailService.Validation", "EmailService\EmailService.Validation\EmailService.Validation.csproj", "{2CE4F889-E482-4520-AE89-78F4C86D57C8}"
EndProject
Project("{9A19103F-16F7-4668-BE54-9A1E7A4F7556}") = "Gateway", "Gateway\Gateway.csproj", "{907825B8-3FAC-4399-871C-7D47E69ABADA}"
EndProject
Project("{9A19103F-16F7-4668-BE54-9A1E7A4F7556}") = "EmailService", "EmailService\EmailService\EmailService.csproj", "{4B8BC526-775A-4D61-8657-6AA5E3ECAAF2}"
EndProject
Project("{9A19103F-16F7-4668-BE54-9A1E7A4F7556}") = "AuthService", "AuthService\AuthService\AuthService.csproj", "{CAD62D0A-E75C-4652-A550-B27A66CD9B80}"
EndProject
Project("{2150E333-8FDC-42A3-9474-1A3956D46DE8}") = "FeedbackService", "FeedbackService", "{033B6E1B-BF28-474A-8FA8-EE4F51D97DDA}"
	ProjectSection(SolutionItems) = preProject
		FeedbackService\FeedbackService.Configurations.targets = FeedbackService\FeedbackService.Configurations.targets
	EndProjectSection
EndProject
Project("{9A19103F-16F7-4668-BE54-9A1E7A4F7556}") = "FeedbackService", "FeedbackService\FeedbackService\FeedbackService.csproj", "{54F13643-05F2-43FE-8439-6DD8DCDB0128}"
EndProject
Project("{9A19103F-16F7-4668-BE54-9A1E7A4F7556}") = "FeedbackService.Broker", "FeedbackService\FeedbackService.Broker\FeedbackService.Broker.csproj", "{50C72C93-7479-4A59-9AD2-7AEB0E458D21}"
EndProject
Project("{9A19103F-16F7-4668-BE54-9A1E7A4F7556}") = "FeedbackService.Business", "FeedbackService\FeedbackService.Business\FeedbackService.Business.csproj", "{D6923257-0EC5-45B0-98AC-461D00DD96E1}"
EndProject
Project("{9A19103F-16F7-4668-BE54-9A1E7A4F7556}") = "FeedbackService.Data", "FeedbackService\FeedbackService.Data\FeedbackService.Data.csproj", "{1E2B28B9-8B12-40D5-B530-8FE875AA1467}"
EndProject
Project("{9A19103F-16F7-4668-BE54-9A1E7A4F7556}") = "FeedbackService.Data.Provider", "FeedbackService\FeedbackService.Data.Provider\FeedbackService.Data.Provider.csproj", "{E57D4802-0ADE-4945-815E-99092F9B122A}"
EndProject
Project("{9A19103F-16F7-4668-BE54-9A1E7A4F7556}") = "FeedbackService.Data.Provider.MsSql.Ef", "FeedbackService\FeedbackService.Data.Provider.MsSql.Ef\FeedbackService.Data.Provider.MsSql.Ef.csproj", "{6D84091A-D7EC-4CE7-93DF-647EF4CF5931}"
EndProject
Project("{9A19103F-16F7-4668-BE54-9A1E7A4F7556}") = "FeedbackService.Mappers", "FeedbackService\FeedbackService.Mappers\FeedbackService.Mappers.csproj", "{88DD3F10-6BEC-4108-BD69-B76189B33D4E}"
EndProject
Project("{9A19103F-16F7-4668-BE54-9A1E7A4F7556}") = "FeedbackService.Models.Db", "FeedbackService\FeedbackService.Models.Db\FeedbackService.Models.Db.csproj", "{12B502B4-97EB-4B16-A131-57EC39D83C57}"
EndProject
Project("{9A19103F-16F7-4668-BE54-9A1E7A4F7556}") = "FeedbackService.Models.Dto", "FeedbackService\FeedbackService.Models.Dto\FeedbackService.Models.Dto.csproj", "{7232F864-03AA-4029-94CF-29277D87368C}"
EndProject
Project("{9A19103F-16F7-4668-BE54-9A1E7A4F7556}") = "FeedbackService.Validation", "FeedbackService\FeedbackService.Validation\FeedbackService.Validation.csproj", "{099B2861-CF28-48B5-A482-BCBB68C50AA3}"
EndProject
Global
	GlobalSection(SolutionConfigurationPlatforms) = preSolution
		Debug|Any CPU = Debug|Any CPU
		Release|Any CPU = Release|Any CPU
	EndGlobalSection
	GlobalSection(ProjectConfigurationPlatforms) = postSolution
		{BCE92FE5-0A7D-4163-A689-03819D1C9806}.Debug|Any CPU.ActiveCfg = Debug|Any CPU
		{BCE92FE5-0A7D-4163-A689-03819D1C9806}.Debug|Any CPU.Build.0 = Debug|Any CPU
		{BCE92FE5-0A7D-4163-A689-03819D1C9806}.Release|Any CPU.ActiveCfg = Release|Any CPU
		{BCE92FE5-0A7D-4163-A689-03819D1C9806}.Release|Any CPU.Build.0 = Release|Any CPU
		{F8B0138E-31D7-4EF9-AE30-EC9DC316F017}.Debug|Any CPU.ActiveCfg = Debug|Any CPU
		{F8B0138E-31D7-4EF9-AE30-EC9DC316F017}.Debug|Any CPU.Build.0 = Debug|Any CPU
		{F8B0138E-31D7-4EF9-AE30-EC9DC316F017}.Release|Any CPU.ActiveCfg = Release|Any CPU
		{F8B0138E-31D7-4EF9-AE30-EC9DC316F017}.Release|Any CPU.Build.0 = Release|Any CPU
		{0DFCE39A-01FD-4BFF-9E22-AF52ABF2BC0C}.Debug|Any CPU.ActiveCfg = Debug|Any CPU
		{0DFCE39A-01FD-4BFF-9E22-AF52ABF2BC0C}.Debug|Any CPU.Build.0 = Debug|Any CPU
		{0DFCE39A-01FD-4BFF-9E22-AF52ABF2BC0C}.Release|Any CPU.ActiveCfg = Release|Any CPU
		{0DFCE39A-01FD-4BFF-9E22-AF52ABF2BC0C}.Release|Any CPU.Build.0 = Release|Any CPU
		{83BDBA93-AE00-433B-B388-6ADF72F9DAE9}.Debug|Any CPU.ActiveCfg = Debug|Any CPU
		{83BDBA93-AE00-433B-B388-6ADF72F9DAE9}.Debug|Any CPU.Build.0 = Debug|Any CPU
		{83BDBA93-AE00-433B-B388-6ADF72F9DAE9}.Release|Any CPU.ActiveCfg = Release|Any CPU
		{83BDBA93-AE00-433B-B388-6ADF72F9DAE9}.Release|Any CPU.Build.0 = Release|Any CPU
		{038532BB-AFAC-4D28-A776-4BDDD86A7691}.Debug|Any CPU.ActiveCfg = Debug|Any CPU
		{038532BB-AFAC-4D28-A776-4BDDD86A7691}.Debug|Any CPU.Build.0 = Debug|Any CPU
		{038532BB-AFAC-4D28-A776-4BDDD86A7691}.Release|Any CPU.ActiveCfg = Release|Any CPU
		{038532BB-AFAC-4D28-A776-4BDDD86A7691}.Release|Any CPU.Build.0 = Release|Any CPU
		{E0170B15-88C5-4162-B8DE-DFBB0CA05576}.Debug|Any CPU.ActiveCfg = Debug|Any CPU
		{E0170B15-88C5-4162-B8DE-DFBB0CA05576}.Debug|Any CPU.Build.0 = Debug|Any CPU
		{E0170B15-88C5-4162-B8DE-DFBB0CA05576}.Release|Any CPU.ActiveCfg = Release|Any CPU
		{E0170B15-88C5-4162-B8DE-DFBB0CA05576}.Release|Any CPU.Build.0 = Release|Any CPU
		{DAF27881-2816-45AA-AB5E-958E348ACE89}.Debug|Any CPU.ActiveCfg = Debug|Any CPU
		{DAF27881-2816-45AA-AB5E-958E348ACE89}.Debug|Any CPU.Build.0 = Debug|Any CPU
		{DAF27881-2816-45AA-AB5E-958E348ACE89}.Release|Any CPU.ActiveCfg = Release|Any CPU
		{DAF27881-2816-45AA-AB5E-958E348ACE89}.Release|Any CPU.Build.0 = Release|Any CPU
		{521D61D6-EC87-46FA-9FCB-4FF6B3ABAFEA}.Debug|Any CPU.ActiveCfg = Debug|Any CPU
		{521D61D6-EC87-46FA-9FCB-4FF6B3ABAFEA}.Debug|Any CPU.Build.0 = Debug|Any CPU
		{521D61D6-EC87-46FA-9FCB-4FF6B3ABAFEA}.Release|Any CPU.ActiveCfg = Release|Any CPU
		{521D61D6-EC87-46FA-9FCB-4FF6B3ABAFEA}.Release|Any CPU.Build.0 = Release|Any CPU
		{F126C088-314F-4931-AB8C-A32793037A82}.Debug|Any CPU.ActiveCfg = Debug|Any CPU
		{F126C088-314F-4931-AB8C-A32793037A82}.Debug|Any CPU.Build.0 = Debug|Any CPU
		{F126C088-314F-4931-AB8C-A32793037A82}.Release|Any CPU.ActiveCfg = Release|Any CPU
		{F126C088-314F-4931-AB8C-A32793037A82}.Release|Any CPU.Build.0 = Release|Any CPU
		{89171177-CC71-40F9-83A7-D160D6CF1032}.Debug|Any CPU.ActiveCfg = Debug|Any CPU
		{89171177-CC71-40F9-83A7-D160D6CF1032}.Debug|Any CPU.Build.0 = Debug|Any CPU
		{89171177-CC71-40F9-83A7-D160D6CF1032}.Release|Any CPU.ActiveCfg = Release|Any CPU
		{89171177-CC71-40F9-83A7-D160D6CF1032}.Release|Any CPU.Build.0 = Release|Any CPU
		{8FEE558A-935E-4B86-8563-DEEDBF9C4F01}.Debug|Any CPU.ActiveCfg = Debug|Any CPU
		{8FEE558A-935E-4B86-8563-DEEDBF9C4F01}.Debug|Any CPU.Build.0 = Debug|Any CPU
		{8FEE558A-935E-4B86-8563-DEEDBF9C4F01}.Release|Any CPU.ActiveCfg = Release|Any CPU
		{8FEE558A-935E-4B86-8563-DEEDBF9C4F01}.Release|Any CPU.Build.0 = Release|Any CPU
		{9CD2A48A-CB90-48ED-86DC-A2192D1FE756}.Debug|Any CPU.ActiveCfg = Debug|Any CPU
		{9CD2A48A-CB90-48ED-86DC-A2192D1FE756}.Debug|Any CPU.Build.0 = Debug|Any CPU
		{9CD2A48A-CB90-48ED-86DC-A2192D1FE756}.Release|Any CPU.ActiveCfg = Release|Any CPU
		{9CD2A48A-CB90-48ED-86DC-A2192D1FE756}.Release|Any CPU.Build.0 = Release|Any CPU
		{A2FD7666-F8B7-4E26-A7C9-9627C54A95B1}.Debug|Any CPU.ActiveCfg = Debug|Any CPU
		{A2FD7666-F8B7-4E26-A7C9-9627C54A95B1}.Debug|Any CPU.Build.0 = Debug|Any CPU
		{A2FD7666-F8B7-4E26-A7C9-9627C54A95B1}.Release|Any CPU.ActiveCfg = Release|Any CPU
		{A2FD7666-F8B7-4E26-A7C9-9627C54A95B1}.Release|Any CPU.Build.0 = Release|Any CPU
		{24A60D0B-D0F9-4F81-92A1-CC0542BA38E5}.Debug|Any CPU.ActiveCfg = Debug|Any CPU
		{24A60D0B-D0F9-4F81-92A1-CC0542BA38E5}.Debug|Any CPU.Build.0 = Debug|Any CPU
		{24A60D0B-D0F9-4F81-92A1-CC0542BA38E5}.Release|Any CPU.ActiveCfg = Release|Any CPU
		{24A60D0B-D0F9-4F81-92A1-CC0542BA38E5}.Release|Any CPU.Build.0 = Release|Any CPU
		{D787B3D6-6536-4EA5-A0C5-C7344AA0716C}.Debug|Any CPU.ActiveCfg = Debug|Any CPU
		{D787B3D6-6536-4EA5-A0C5-C7344AA0716C}.Debug|Any CPU.Build.0 = Debug|Any CPU
		{D787B3D6-6536-4EA5-A0C5-C7344AA0716C}.Release|Any CPU.ActiveCfg = Release|Any CPU
		{D787B3D6-6536-4EA5-A0C5-C7344AA0716C}.Release|Any CPU.Build.0 = Release|Any CPU
		{D1A5C7B6-FB19-4E4C-BC88-C73D88778766}.Debug|Any CPU.ActiveCfg = Debug|Any CPU
		{D1A5C7B6-FB19-4E4C-BC88-C73D88778766}.Debug|Any CPU.Build.0 = Debug|Any CPU
		{D1A5C7B6-FB19-4E4C-BC88-C73D88778766}.Release|Any CPU.ActiveCfg = Release|Any CPU
		{D1A5C7B6-FB19-4E4C-BC88-C73D88778766}.Release|Any CPU.Build.0 = Release|Any CPU
		{BAC773F2-3F12-4F26-8D3D-7BC41BC3999A}.Debug|Any CPU.ActiveCfg = Debug|Any CPU
		{BAC773F2-3F12-4F26-8D3D-7BC41BC3999A}.Debug|Any CPU.Build.0 = Debug|Any CPU
		{BAC773F2-3F12-4F26-8D3D-7BC41BC3999A}.Release|Any CPU.ActiveCfg = Release|Any CPU
		{BAC773F2-3F12-4F26-8D3D-7BC41BC3999A}.Release|Any CPU.Build.0 = Release|Any CPU
		{DC178D90-214E-4C98-991E-2216789165D5}.Debug|Any CPU.ActiveCfg = Debug|Any CPU
		{DC178D90-214E-4C98-991E-2216789165D5}.Debug|Any CPU.Build.0 = Debug|Any CPU
		{DC178D90-214E-4C98-991E-2216789165D5}.Release|Any CPU.ActiveCfg = Release|Any CPU
		{DC178D90-214E-4C98-991E-2216789165D5}.Release|Any CPU.Build.0 = Release|Any CPU
		{74AA5661-0809-4C24-A6B4-86B668A0378D}.Debug|Any CPU.ActiveCfg = Debug|Any CPU
		{74AA5661-0809-4C24-A6B4-86B668A0378D}.Debug|Any CPU.Build.0 = Debug|Any CPU
		{74AA5661-0809-4C24-A6B4-86B668A0378D}.Release|Any CPU.ActiveCfg = Release|Any CPU
		{74AA5661-0809-4C24-A6B4-86B668A0378D}.Release|Any CPU.Build.0 = Release|Any CPU
		{778643AB-E656-4D8C-A728-B8C0D196FA9A}.Debug|Any CPU.ActiveCfg = Debug|Any CPU
		{778643AB-E656-4D8C-A728-B8C0D196FA9A}.Debug|Any CPU.Build.0 = Debug|Any CPU
		{778643AB-E656-4D8C-A728-B8C0D196FA9A}.Release|Any CPU.ActiveCfg = Release|Any CPU
		{778643AB-E656-4D8C-A728-B8C0D196FA9A}.Release|Any CPU.Build.0 = Release|Any CPU
		{8384D37D-B682-4C5A-8D71-A42F95489E8C}.Debug|Any CPU.ActiveCfg = Debug|Any CPU
		{8384D37D-B682-4C5A-8D71-A42F95489E8C}.Debug|Any CPU.Build.0 = Debug|Any CPU
		{8384D37D-B682-4C5A-8D71-A42F95489E8C}.Release|Any CPU.ActiveCfg = Release|Any CPU
		{8384D37D-B682-4C5A-8D71-A42F95489E8C}.Release|Any CPU.Build.0 = Release|Any CPU
		{18E2DE73-D022-44D4-A1A9-6C76DD02E835}.Debug|Any CPU.ActiveCfg = Debug|Any CPU
		{18E2DE73-D022-44D4-A1A9-6C76DD02E835}.Debug|Any CPU.Build.0 = Debug|Any CPU
		{18E2DE73-D022-44D4-A1A9-6C76DD02E835}.Release|Any CPU.ActiveCfg = Release|Any CPU
		{18E2DE73-D022-44D4-A1A9-6C76DD02E835}.Release|Any CPU.Build.0 = Release|Any CPU
		{2CE4F889-E482-4520-AE89-78F4C86D57C8}.Debug|Any CPU.ActiveCfg = Debug|Any CPU
		{2CE4F889-E482-4520-AE89-78F4C86D57C8}.Debug|Any CPU.Build.0 = Debug|Any CPU
		{2CE4F889-E482-4520-AE89-78F4C86D57C8}.Release|Any CPU.ActiveCfg = Release|Any CPU
		{2CE4F889-E482-4520-AE89-78F4C86D57C8}.Release|Any CPU.Build.0 = Release|Any CPU
		{907825B8-3FAC-4399-871C-7D47E69ABADA}.Debug|Any CPU.ActiveCfg = Debug|Any CPU
		{907825B8-3FAC-4399-871C-7D47E69ABADA}.Debug|Any CPU.Build.0 = Debug|Any CPU
		{907825B8-3FAC-4399-871C-7D47E69ABADA}.Release|Any CPU.ActiveCfg = Release|Any CPU
		{907825B8-3FAC-4399-871C-7D47E69ABADA}.Release|Any CPU.Build.0 = Release|Any CPU
		{4B8BC526-775A-4D61-8657-6AA5E3ECAAF2}.Debug|Any CPU.ActiveCfg = Debug|Any CPU
		{4B8BC526-775A-4D61-8657-6AA5E3ECAAF2}.Debug|Any CPU.Build.0 = Debug|Any CPU
		{4B8BC526-775A-4D61-8657-6AA5E3ECAAF2}.Release|Any CPU.ActiveCfg = Release|Any CPU
		{4B8BC526-775A-4D61-8657-6AA5E3ECAAF2}.Release|Any CPU.Build.0 = Release|Any CPU
		{CAD62D0A-E75C-4652-A550-B27A66CD9B80}.Debug|Any CPU.ActiveCfg = Debug|Any CPU
		{CAD62D0A-E75C-4652-A550-B27A66CD9B80}.Debug|Any CPU.Build.0 = Debug|Any CPU
		{CAD62D0A-E75C-4652-A550-B27A66CD9B80}.Release|Any CPU.ActiveCfg = Release|Any CPU
		{CAD62D0A-E75C-4652-A550-B27A66CD9B80}.Release|Any CPU.Build.0 = Release|Any CPU
		{54F13643-05F2-43FE-8439-6DD8DCDB0128}.Debug|Any CPU.ActiveCfg = Debug|Any CPU
		{54F13643-05F2-43FE-8439-6DD8DCDB0128}.Debug|Any CPU.Build.0 = Debug|Any CPU
		{54F13643-05F2-43FE-8439-6DD8DCDB0128}.Release|Any CPU.ActiveCfg = Release|Any CPU
		{54F13643-05F2-43FE-8439-6DD8DCDB0128}.Release|Any CPU.Build.0 = Release|Any CPU
		{50C72C93-7479-4A59-9AD2-7AEB0E458D21}.Debug|Any CPU.ActiveCfg = Debug|Any CPU
		{50C72C93-7479-4A59-9AD2-7AEB0E458D21}.Debug|Any CPU.Build.0 = Debug|Any CPU
		{50C72C93-7479-4A59-9AD2-7AEB0E458D21}.Release|Any CPU.ActiveCfg = Release|Any CPU
		{50C72C93-7479-4A59-9AD2-7AEB0E458D21}.Release|Any CPU.Build.0 = Release|Any CPU
		{D6923257-0EC5-45B0-98AC-461D00DD96E1}.Debug|Any CPU.ActiveCfg = Debug|Any CPU
		{D6923257-0EC5-45B0-98AC-461D00DD96E1}.Debug|Any CPU.Build.0 = Debug|Any CPU
		{D6923257-0EC5-45B0-98AC-461D00DD96E1}.Release|Any CPU.ActiveCfg = Release|Any CPU
		{D6923257-0EC5-45B0-98AC-461D00DD96E1}.Release|Any CPU.Build.0 = Release|Any CPU
		{1E2B28B9-8B12-40D5-B530-8FE875AA1467}.Debug|Any CPU.ActiveCfg = Debug|Any CPU
		{1E2B28B9-8B12-40D5-B530-8FE875AA1467}.Debug|Any CPU.Build.0 = Debug|Any CPU
		{1E2B28B9-8B12-40D5-B530-8FE875AA1467}.Release|Any CPU.ActiveCfg = Release|Any CPU
		{1E2B28B9-8B12-40D5-B530-8FE875AA1467}.Release|Any CPU.Build.0 = Release|Any CPU
		{E57D4802-0ADE-4945-815E-99092F9B122A}.Debug|Any CPU.ActiveCfg = Debug|Any CPU
		{E57D4802-0ADE-4945-815E-99092F9B122A}.Debug|Any CPU.Build.0 = Debug|Any CPU
		{E57D4802-0ADE-4945-815E-99092F9B122A}.Release|Any CPU.ActiveCfg = Release|Any CPU
		{E57D4802-0ADE-4945-815E-99092F9B122A}.Release|Any CPU.Build.0 = Release|Any CPU
		{6D84091A-D7EC-4CE7-93DF-647EF4CF5931}.Debug|Any CPU.ActiveCfg = Debug|Any CPU
		{6D84091A-D7EC-4CE7-93DF-647EF4CF5931}.Debug|Any CPU.Build.0 = Debug|Any CPU
		{6D84091A-D7EC-4CE7-93DF-647EF4CF5931}.Release|Any CPU.ActiveCfg = Release|Any CPU
		{6D84091A-D7EC-4CE7-93DF-647EF4CF5931}.Release|Any CPU.Build.0 = Release|Any CPU
		{88DD3F10-6BEC-4108-BD69-B76189B33D4E}.Debug|Any CPU.ActiveCfg = Debug|Any CPU
		{88DD3F10-6BEC-4108-BD69-B76189B33D4E}.Debug|Any CPU.Build.0 = Debug|Any CPU
		{88DD3F10-6BEC-4108-BD69-B76189B33D4E}.Release|Any CPU.ActiveCfg = Release|Any CPU
		{88DD3F10-6BEC-4108-BD69-B76189B33D4E}.Release|Any CPU.Build.0 = Release|Any CPU
		{12B502B4-97EB-4B16-A131-57EC39D83C57}.Debug|Any CPU.ActiveCfg = Debug|Any CPU
		{12B502B4-97EB-4B16-A131-57EC39D83C57}.Debug|Any CPU.Build.0 = Debug|Any CPU
		{12B502B4-97EB-4B16-A131-57EC39D83C57}.Release|Any CPU.ActiveCfg = Release|Any CPU
		{12B502B4-97EB-4B16-A131-57EC39D83C57}.Release|Any CPU.Build.0 = Release|Any CPU
		{7232F864-03AA-4029-94CF-29277D87368C}.Debug|Any CPU.ActiveCfg = Debug|Any CPU
		{7232F864-03AA-4029-94CF-29277D87368C}.Debug|Any CPU.Build.0 = Debug|Any CPU
		{7232F864-03AA-4029-94CF-29277D87368C}.Release|Any CPU.ActiveCfg = Release|Any CPU
		{7232F864-03AA-4029-94CF-29277D87368C}.Release|Any CPU.Build.0 = Release|Any CPU
		{099B2861-CF28-48B5-A482-BCBB68C50AA3}.Debug|Any CPU.ActiveCfg = Debug|Any CPU
		{099B2861-CF28-48B5-A482-BCBB68C50AA3}.Debug|Any CPU.Build.0 = Debug|Any CPU
		{099B2861-CF28-48B5-A482-BCBB68C50AA3}.Release|Any CPU.ActiveCfg = Release|Any CPU
		{099B2861-CF28-48B5-A482-BCBB68C50AA3}.Release|Any CPU.Build.0 = Release|Any CPU
	EndGlobalSection
	GlobalSection(SolutionProperties) = preSolution
		HideSolutionNode = FALSE
	EndGlobalSection
	GlobalSection(NestedProjects) = preSolution
		{F58DE641-0380-4ABB-885B-50DA6C131EBE} = {917C0469-D500-4A6E-9D99-454E8D222B62}
		{BCE92FE5-0A7D-4163-A689-03819D1C9806} = {F58DE641-0380-4ABB-885B-50DA6C131EBE}
		{F8B0138E-31D7-4EF9-AE30-EC9DC316F017} = {F58DE641-0380-4ABB-885B-50DA6C131EBE}
		{0DFCE39A-01FD-4BFF-9E22-AF52ABF2BC0C} = {F58DE641-0380-4ABB-885B-50DA6C131EBE}
		{83BDBA93-AE00-433B-B388-6ADF72F9DAE9} = {F58DE641-0380-4ABB-885B-50DA6C131EBE}
		{038532BB-AFAC-4D28-A776-4BDDD86A7691} = {F58DE641-0380-4ABB-885B-50DA6C131EBE}
		{9E407F53-A701-4085-AB39-417984ABD455} = {917C0469-D500-4A6E-9D99-454E8D222B62}
		{E0170B15-88C5-4162-B8DE-DFBB0CA05576} = {9E407F53-A701-4085-AB39-417984ABD455}
		{DAF27881-2816-45AA-AB5E-958E348ACE89} = {9E407F53-A701-4085-AB39-417984ABD455}
		{521D61D6-EC87-46FA-9FCB-4FF6B3ABAFEA} = {9E407F53-A701-4085-AB39-417984ABD455}
		{F126C088-314F-4931-AB8C-A32793037A82} = {9E407F53-A701-4085-AB39-417984ABD455}
		{89171177-CC71-40F9-83A7-D160D6CF1032} = {9E407F53-A701-4085-AB39-417984ABD455}
		{8FEE558A-935E-4B86-8563-DEEDBF9C4F01} = {9E407F53-A701-4085-AB39-417984ABD455}
		{9CD2A48A-CB90-48ED-86DC-A2192D1FE756} = {9E407F53-A701-4085-AB39-417984ABD455}
		{A2FD7666-F8B7-4E26-A7C9-9627C54A95B1} = {9E407F53-A701-4085-AB39-417984ABD455}
		{24A60D0B-D0F9-4F81-92A1-CC0542BA38E5} = {9E407F53-A701-4085-AB39-417984ABD455}
		{E377AF39-D38C-446B-AC92-6F58828FA849} = {917C0469-D500-4A6E-9D99-454E8D222B62}
		{D787B3D6-6536-4EA5-A0C5-C7344AA0716C} = {E377AF39-D38C-446B-AC92-6F58828FA849}
		{D1A5C7B6-FB19-4E4C-BC88-C73D88778766} = {E377AF39-D38C-446B-AC92-6F58828FA849}
		{BAC773F2-3F12-4F26-8D3D-7BC41BC3999A} = {E377AF39-D38C-446B-AC92-6F58828FA849}
		{DC178D90-214E-4C98-991E-2216789165D5} = {E377AF39-D38C-446B-AC92-6F58828FA849}
		{74AA5661-0809-4C24-A6B4-86B668A0378D} = {E377AF39-D38C-446B-AC92-6F58828FA849}
		{778643AB-E656-4D8C-A728-B8C0D196FA9A} = {E377AF39-D38C-446B-AC92-6F58828FA849}
		{8384D37D-B682-4C5A-8D71-A42F95489E8C} = {E377AF39-D38C-446B-AC92-6F58828FA849}
		{18E2DE73-D022-44D4-A1A9-6C76DD02E835} = {E377AF39-D38C-446B-AC92-6F58828FA849}
		{2CE4F889-E482-4520-AE89-78F4C86D57C8} = {E377AF39-D38C-446B-AC92-6F58828FA849}
		{907825B8-3FAC-4399-871C-7D47E69ABADA} = {917C0469-D500-4A6E-9D99-454E8D222B62}
		{4B8BC526-775A-4D61-8657-6AA5E3ECAAF2} = {E377AF39-D38C-446B-AC92-6F58828FA849}
		{CAD62D0A-E75C-4652-A550-B27A66CD9B80} = {F58DE641-0380-4ABB-885B-50DA6C131EBE}
		{033B6E1B-BF28-474A-8FA8-EE4F51D97DDA} = {917C0469-D500-4A6E-9D99-454E8D222B62}
		{54F13643-05F2-43FE-8439-6DD8DCDB0128} = {033B6E1B-BF28-474A-8FA8-EE4F51D97DDA}
		{50C72C93-7479-4A59-9AD2-7AEB0E458D21} = {033B6E1B-BF28-474A-8FA8-EE4F51D97DDA}
		{D6923257-0EC5-45B0-98AC-461D00DD96E1} = {033B6E1B-BF28-474A-8FA8-EE4F51D97DDA}
		{1E2B28B9-8B12-40D5-B530-8FE875AA1467} = {033B6E1B-BF28-474A-8FA8-EE4F51D97DDA}
		{E57D4802-0ADE-4945-815E-99092F9B122A} = {033B6E1B-BF28-474A-8FA8-EE4F51D97DDA}
		{6D84091A-D7EC-4CE7-93DF-647EF4CF5931} = {033B6E1B-BF28-474A-8FA8-EE4F51D97DDA}
		{88DD3F10-6BEC-4108-BD69-B76189B33D4E} = {033B6E1B-BF28-474A-8FA8-EE4F51D97DDA}
		{12B502B4-97EB-4B16-A131-57EC39D83C57} = {033B6E1B-BF28-474A-8FA8-EE4F51D97DDA}
		{7232F864-03AA-4029-94CF-29277D87368C} = {033B6E1B-BF28-474A-8FA8-EE4F51D97DDA}
		{099B2861-CF28-48B5-A482-BCBB68C50AA3} = {033B6E1B-BF28-474A-8FA8-EE4F51D97DDA}
	EndGlobalSection
	GlobalSection(ExtensibilityGlobals) = postSolution
		SolutionGuid = {3067D33C-1F0A-41F9-84AE-636FD7FE5B8D}
	EndGlobalSection
EndGlobal
