
Microsoft Visual Studio Solution File, Format Version 12.00
# Visual Studio Version 17
VisualStudioVersion = 17.1.32407.343
MinimumVisualStudioVersion = 10.0.40219.1
Project("{2150E333-8FDC-42A3-9474-1A3956D46DE8}") = "Auth", "Auth", "{F58DE641-0380-4ABB-885B-50DA6C131EBE}"
EndProject
Project("{9A19103F-16F7-4668-BE54-9A1E7A4F7556}") = "AuthService.Broker", "AuthService\AuthService.Broker\AuthService.Broker.csproj", "{BCE92FE5-0A7D-4163-A689-03819D1C9806}"
EndProject
Project("{9A19103F-16F7-4668-BE54-9A1E7A4F7556}") = "AuthService.Business", "AuthService\AuthService.Business\AuthService.Business.csproj", "{F8B0138E-31D7-4EF9-AE30-EC9DC316F017}"
EndProject
Project("{9A19103F-16F7-4668-BE54-9A1E7A4F7556}") = "AuthService.Models.Dto", "AuthService\AuthService.Models.Dto\AuthService.Models.Dto.csproj", "{0DFCE39A-01FD-4BFF-9E22-AF52ABF2BC0C}"
EndProject
Project("{9A19103F-16F7-4668-BE54-9A1E7A4F7556}") = "AuthService.Token", "AuthService\AuthService.Token\AuthService.Token.csproj", "{83BDBA93-AE00-433B-B388-6ADF72F9DAE9}"
EndProject
Project("{9A19103F-16F7-4668-BE54-9A1E7A4F7556}") = "AuthService.Validation", "AuthService\AuthService.Validation\AuthService.Validation.csproj", "{038532BB-AFAC-4D28-A776-4BDDD86A7691}"
EndProject
Project("{2150E333-8FDC-42A3-9474-1A3956D46DE8}") = "Admin", "Admin", "{9E407F53-A701-4085-AB39-417984ABD455}"
EndProject
Project("{2150E333-8FDC-42A3-9474-1A3956D46DE8}") = "Solution items", "Solution items", "{DAC682B1-EA2D-4822-946B-E3896F060968}"
	ProjectSection(SolutionItems) = preProject
		.editorconfig = .editorconfig
		.gitignore = .gitignore
		Common.Configurations.targets = Common.Configurations.targets
		README.md = README.md
	EndProjectSection
EndProject
Project("{9A19103F-16F7-4668-BE54-9A1E7A4F7556}") = "AdminService", "AdminService\AdminService\AdminService.csproj", "{E0170B15-88C5-4162-B8DE-DFBB0CA05576}"
EndProject
Project("{9A19103F-16F7-4668-BE54-9A1E7A4F7556}") = "AdminService.Business", "AdminService\AdminService.Business\AdminService.Business.csproj", "{DAF27881-2816-45AA-AB5E-958E348ACE89}"
EndProject
Project("{9A19103F-16F7-4668-BE54-9A1E7A4F7556}") = "AdminService.Data", "AdminService\AdminService.Data\AdminService.Data.csproj", "{521D61D6-EC87-46FA-9FCB-4FF6B3ABAFEA}"
EndProject
Project("{9A19103F-16F7-4668-BE54-9A1E7A4F7556}") = "AdminService.Data.Provider", "AdminService\AdminService.Data.Provider\AdminService.Data.Provider.csproj", "{F126C088-314F-4931-AB8C-A32793037A82}"
EndProject
Project("{9A19103F-16F7-4668-BE54-9A1E7A4F7556}") = "AdminService.Data.Provider.MsSql.Ef", "AdminService\AdminService.Data.Provider.MsSql.Ef\AdminService.Data.Provider.MsSql.Ef.csproj", "{89171177-CC71-40F9-83A7-D160D6CF1032}"
EndProject
Project("{9A19103F-16F7-4668-BE54-9A1E7A4F7556}") = "AdminService.Mappers", "AdminService\AdminService.Mappers\AdminService.Mappers.csproj", "{8FEE558A-935E-4B86-8563-DEEDBF9C4F01}"
EndProject
Project("{9A19103F-16F7-4668-BE54-9A1E7A4F7556}") = "AdminService.Models.Db", "AdminService\AdminService.Models.Db\AdminService.Models.Db.csproj", "{9CD2A48A-CB90-48ED-86DC-A2192D1FE756}"
EndProject
Project("{9A19103F-16F7-4668-BE54-9A1E7A4F7556}") = "AdminService.Models.Dto", "AdminService\AdminService.Models.Dto\AdminService.Models.Dto.csproj", "{A2FD7666-F8B7-4E26-A7C9-9627C54A95B1}"
EndProject
Project("{9A19103F-16F7-4668-BE54-9A1E7A4F7556}") = "AdminService.Validation", "AdminService\AdminService.Validation\AdminService.Validation.csproj", "{24A60D0B-D0F9-4F81-92A1-CC0542BA38E5}"
EndProject
Project("{2150E333-8FDC-42A3-9474-1A3956D46DE8}") = "src", "src", "{917C0469-D500-4A6E-9D99-454E8D222B62}"
EndProject
Project("{2150E333-8FDC-42A3-9474-1A3956D46DE8}") = "EmailService", "EmailService", "{E377AF39-D38C-446B-AC92-6F58828FA849}"
EndProject
Project("{9A19103F-16F7-4668-BE54-9A1E7A4F7556}") = "EmailService.Broker", "EmailService\EmailService.Broker\EmailService.Broker.csproj", "{D787B3D6-6536-4EA5-A0C5-C7344AA0716C}"
EndProject
Project("{9A19103F-16F7-4668-BE54-9A1E7A4F7556}") = "EmailService.Business", "EmailService\EmailService.Business\EmailService.Business.csproj", "{D1A5C7B6-FB19-4E4C-BC88-C73D88778766}"
EndProject
Project("{9A19103F-16F7-4668-BE54-9A1E7A4F7556}") = "EmailService.Data", "EmailService\EmailService.Data\EmailService.Data.csproj", "{BAC773F2-3F12-4F26-8D3D-7BC41BC3999A}"
EndProject
Project("{9A19103F-16F7-4668-BE54-9A1E7A4F7556}") = "EmailService.Data.Provider", "EmailService\EmailService.Data.Provider\EmailService.Data.Provider.csproj", "{DC178D90-214E-4C98-991E-2216789165D5}"
EndProject
Project("{9A19103F-16F7-4668-BE54-9A1E7A4F7556}") = "EmailService.Data.Provider.MsSql.Ef", "EmailService\EmailService.Data.Provider.MsSql.Ef\EmailService.Data.Provider.MsSql.Ef.csproj", "{74AA5661-0809-4C24-A6B4-86B668A0378D}"
EndProject
Project("{9A19103F-16F7-4668-BE54-9A1E7A4F7556}") = "EmailService.Mappers", "EmailService\EmailService.Mappers\EmailService.Mappers.csproj", "{778643AB-E656-4D8C-A728-B8C0D196FA9A}"
EndProject
Project("{9A19103F-16F7-4668-BE54-9A1E7A4F7556}") = "EmailService.Models.Db", "EmailService\EmailService.Models.Db\EmailService.Models.Db.csproj", "{8384D37D-B682-4C5A-8D71-A42F95489E8C}"
EndProject
Project("{9A19103F-16F7-4668-BE54-9A1E7A4F7556}") = "EmailService.Models.Dto", "EmailService\EmailService.Models.Dto\EmailService.Models.Dto.csproj", "{18E2DE73-D022-44D4-A1A9-6C76DD02E835}"
EndProject
Project("{9A19103F-16F7-4668-BE54-9A1E7A4F7556}") = "EmailService.Validation", "EmailService\EmailService.Validation\EmailService.Validation.csproj", "{2CE4F889-E482-4520-AE89-78F4C86D57C8}"
EndProject
Project("{9A19103F-16F7-4668-BE54-9A1E7A4F7556}") = "Gateway", "Gateway\Gateway.csproj", "{907825B8-3FAC-4399-871C-7D47E69ABADA}"
EndProject
Project("{9A19103F-16F7-4668-BE54-9A1E7A4F7556}") = "EmailService.Client", "EmailService\EmailService.Client\EmailService.Client.csproj", "{29906ABF-44DA-4E8A-B1E9-415ED0457FAF}"
EndProject
Project("{9A19103F-16F7-4668-BE54-9A1E7A4F7556}") = "EmailService", "EmailService\EmailService\EmailService.csproj", "{4B8BC526-775A-4D61-8657-6AA5E3ECAAF2}"
EndProject
Project("{9A19103F-16F7-4668-BE54-9A1E7A4F7556}") = "AuthService", "AuthService\AuthService\AuthService.csproj", "{CAD62D0A-E75C-4652-A550-B27A66CD9B80}"
EndProject
Project("{9A19103F-16F7-4668-BE54-9A1E7A4F7556}") = "AdminService.Client", "AdminService\AdminService.Client\AdminService.Client.csproj", "{6DCBBC9C-4CBB-499B-8CC4-28BEBC02AA85}"
EndProject
Project("{FAE04EC0-301F-11D3-BF4B-00C04F79EFBC}") = "AuthService.Client", "AuthService\AuthService.Client\AuthService.Client.csproj", "{B288FC40-FA93-4581-8EC7-18EEF30AD172}"
EndProject
Global
	GlobalSection(SolutionConfigurationPlatforms) = preSolution
		Debug|Any CPU = Debug|Any CPU
		Release|Any CPU = Release|Any CPU
	EndGlobalSection
	GlobalSection(ProjectConfigurationPlatforms) = postSolution
		{BCE92FE5-0A7D-4163-A689-03819D1C9806}.Debug|Any CPU.ActiveCfg = Debug|Any CPU
		{BCE92FE5-0A7D-4163-A689-03819D1C9806}.Debug|Any CPU.Build.0 = Debug|Any CPU
		{BCE92FE5-0A7D-4163-A689-03819D1C9806}.Release|Any CPU.ActiveCfg = Release|Any CPU
		{BCE92FE5-0A7D-4163-A689-03819D1C9806}.Release|Any CPU.Build.0 = Release|Any CPU
		{F8B0138E-31D7-4EF9-AE30-EC9DC316F017}.Debug|Any CPU.ActiveCfg = Debug|Any CPU
		{F8B0138E-31D7-4EF9-AE30-EC9DC316F017}.Debug|Any CPU.Build.0 = Debug|Any CPU
		{F8B0138E-31D7-4EF9-AE30-EC9DC316F017}.Release|Any CPU.ActiveCfg = Release|Any CPU
		{F8B0138E-31D7-4EF9-AE30-EC9DC316F017}.Release|Any CPU.Build.0 = Release|Any CPU
		{0DFCE39A-01FD-4BFF-9E22-AF52ABF2BC0C}.Debug|Any CPU.ActiveCfg = Debug|Any CPU
		{0DFCE39A-01FD-4BFF-9E22-AF52ABF2BC0C}.Debug|Any CPU.Build.0 = Debug|Any CPU
		{0DFCE39A-01FD-4BFF-9E22-AF52ABF2BC0C}.Release|Any CPU.ActiveCfg = Release|Any CPU
		{0DFCE39A-01FD-4BFF-9E22-AF52ABF2BC0C}.Release|Any CPU.Build.0 = Release|Any CPU
		{83BDBA93-AE00-433B-B388-6ADF72F9DAE9}.Debug|Any CPU.ActiveCfg = Debug|Any CPU
		{83BDBA93-AE00-433B-B388-6ADF72F9DAE9}.Debug|Any CPU.Build.0 = Debug|Any CPU
		{83BDBA93-AE00-433B-B388-6ADF72F9DAE9}.Release|Any CPU.ActiveCfg = Release|Any CPU
		{83BDBA93-AE00-433B-B388-6ADF72F9DAE9}.Release|Any CPU.Build.0 = Release|Any CPU
		{038532BB-AFAC-4D28-A776-4BDDD86A7691}.Debug|Any CPU.ActiveCfg = Debug|Any CPU
		{038532BB-AFAC-4D28-A776-4BDDD86A7691}.Debug|Any CPU.Build.0 = Debug|Any CPU
		{038532BB-AFAC-4D28-A776-4BDDD86A7691}.Release|Any CPU.ActiveCfg = Release|Any CPU
		{038532BB-AFAC-4D28-A776-4BDDD86A7691}.Release|Any CPU.Build.0 = Release|Any CPU
		{E0170B15-88C5-4162-B8DE-DFBB0CA05576}.Debug|Any CPU.ActiveCfg = Debug|Any CPU
		{E0170B15-88C5-4162-B8DE-DFBB0CA05576}.Debug|Any CPU.Build.0 = Debug|Any CPU
		{E0170B15-88C5-4162-B8DE-DFBB0CA05576}.Release|Any CPU.ActiveCfg = Release|Any CPU
		{E0170B15-88C5-4162-B8DE-DFBB0CA05576}.Release|Any CPU.Build.0 = Release|Any CPU
		{DAF27881-2816-45AA-AB5E-958E348ACE89}.Debug|Any CPU.ActiveCfg = Debug|Any CPU
		{DAF27881-2816-45AA-AB5E-958E348ACE89}.Debug|Any CPU.Build.0 = Debug|Any CPU
		{DAF27881-2816-45AA-AB5E-958E348ACE89}.Release|Any CPU.ActiveCfg = Release|Any CPU
		{DAF27881-2816-45AA-AB5E-958E348ACE89}.Release|Any CPU.Build.0 = Release|Any CPU
		{521D61D6-EC87-46FA-9FCB-4FF6B3ABAFEA}.Debug|Any CPU.ActiveCfg = Debug|Any CPU
		{521D61D6-EC87-46FA-9FCB-4FF6B3ABAFEA}.Debug|Any CPU.Build.0 = Debug|Any CPU
		{521D61D6-EC87-46FA-9FCB-4FF6B3ABAFEA}.Release|Any CPU.ActiveCfg = Release|Any CPU
		{521D61D6-EC87-46FA-9FCB-4FF6B3ABAFEA}.Release|Any CPU.Build.0 = Release|Any CPU
		{F126C088-314F-4931-AB8C-A32793037A82}.Debug|Any CPU.ActiveCfg = Debug|Any CPU
		{F126C088-314F-4931-AB8C-A32793037A82}.Debug|Any CPU.Build.0 = Debug|Any CPU
		{F126C088-314F-4931-AB8C-A32793037A82}.Release|Any CPU.ActiveCfg = Release|Any CPU
		{F126C088-314F-4931-AB8C-A32793037A82}.Release|Any CPU.Build.0 = Release|Any CPU
		{89171177-CC71-40F9-83A7-D160D6CF1032}.Debug|Any CPU.ActiveCfg = Debug|Any CPU
		{89171177-CC71-40F9-83A7-D160D6CF1032}.Debug|Any CPU.Build.0 = Debug|Any CPU
		{89171177-CC71-40F9-83A7-D160D6CF1032}.Release|Any CPU.ActiveCfg = Release|Any CPU
		{89171177-CC71-40F9-83A7-D160D6CF1032}.Release|Any CPU.Build.0 = Release|Any CPU
		{8FEE558A-935E-4B86-8563-DEEDBF9C4F01}.Debug|Any CPU.ActiveCfg = Debug|Any CPU
		{8FEE558A-935E-4B86-8563-DEEDBF9C4F01}.Debug|Any CPU.Build.0 = Debug|Any CPU
		{8FEE558A-935E-4B86-8563-DEEDBF9C4F01}.Release|Any CPU.ActiveCfg = Release|Any CPU
		{8FEE558A-935E-4B86-8563-DEEDBF9C4F01}.Release|Any CPU.Build.0 = Release|Any CPU
		{9CD2A48A-CB90-48ED-86DC-A2192D1FE756}.Debug|Any CPU.ActiveCfg = Debug|Any CPU
		{9CD2A48A-CB90-48ED-86DC-A2192D1FE756}.Debug|Any CPU.Build.0 = Debug|Any CPU
		{9CD2A48A-CB90-48ED-86DC-A2192D1FE756}.Release|Any CPU.ActiveCfg = Release|Any CPU
		{9CD2A48A-CB90-48ED-86DC-A2192D1FE756}.Release|Any CPU.Build.0 = Release|Any CPU
		{A2FD7666-F8B7-4E26-A7C9-9627C54A95B1}.Debug|Any CPU.ActiveCfg = Debug|Any CPU
		{A2FD7666-F8B7-4E26-A7C9-9627C54A95B1}.Debug|Any CPU.Build.0 = Debug|Any CPU
		{A2FD7666-F8B7-4E26-A7C9-9627C54A95B1}.Release|Any CPU.ActiveCfg = Release|Any CPU
		{A2FD7666-F8B7-4E26-A7C9-9627C54A95B1}.Release|Any CPU.Build.0 = Release|Any CPU
		{24A60D0B-D0F9-4F81-92A1-CC0542BA38E5}.Debug|Any CPU.ActiveCfg = Debug|Any CPU
		{24A60D0B-D0F9-4F81-92A1-CC0542BA38E5}.Debug|Any CPU.Build.0 = Debug|Any CPU
		{24A60D0B-D0F9-4F81-92A1-CC0542BA38E5}.Release|Any CPU.ActiveCfg = Release|Any CPU
		{24A60D0B-D0F9-4F81-92A1-CC0542BA38E5}.Release|Any CPU.Build.0 = Release|Any CPU
		{D787B3D6-6536-4EA5-A0C5-C7344AA0716C}.Debug|Any CPU.ActiveCfg = Debug|Any CPU
		{D787B3D6-6536-4EA5-A0C5-C7344AA0716C}.Debug|Any CPU.Build.0 = Debug|Any CPU
		{D787B3D6-6536-4EA5-A0C5-C7344AA0716C}.Release|Any CPU.ActiveCfg = Release|Any CPU
		{D787B3D6-6536-4EA5-A0C5-C7344AA0716C}.Release|Any CPU.Build.0 = Release|Any CPU
		{D1A5C7B6-FB19-4E4C-BC88-C73D88778766}.Debug|Any CPU.ActiveCfg = Debug|Any CPU
		{D1A5C7B6-FB19-4E4C-BC88-C73D88778766}.Debug|Any CPU.Build.0 = Debug|Any CPU
		{D1A5C7B6-FB19-4E4C-BC88-C73D88778766}.Release|Any CPU.ActiveCfg = Release|Any CPU
		{D1A5C7B6-FB19-4E4C-BC88-C73D88778766}.Release|Any CPU.Build.0 = Release|Any CPU
		{BAC773F2-3F12-4F26-8D3D-7BC41BC3999A}.Debug|Any CPU.ActiveCfg = Debug|Any CPU
		{BAC773F2-3F12-4F26-8D3D-7BC41BC3999A}.Debug|Any CPU.Build.0 = Debug|Any CPU
		{BAC773F2-3F12-4F26-8D3D-7BC41BC3999A}.Release|Any CPU.ActiveCfg = Release|Any CPU
		{BAC773F2-3F12-4F26-8D3D-7BC41BC3999A}.Release|Any CPU.Build.0 = Release|Any CPU
		{DC178D90-214E-4C98-991E-2216789165D5}.Debug|Any CPU.ActiveCfg = Debug|Any CPU
		{DC178D90-214E-4C98-991E-2216789165D5}.Debug|Any CPU.Build.0 = Debug|Any CPU
		{DC178D90-214E-4C98-991E-2216789165D5}.Release|Any CPU.ActiveCfg = Release|Any CPU
		{DC178D90-214E-4C98-991E-2216789165D5}.Release|Any CPU.Build.0 = Release|Any CPU
		{74AA5661-0809-4C24-A6B4-86B668A0378D}.Debug|Any CPU.ActiveCfg = Debug|Any CPU
		{74AA5661-0809-4C24-A6B4-86B668A0378D}.Debug|Any CPU.Build.0 = Debug|Any CPU
		{74AA5661-0809-4C24-A6B4-86B668A0378D}.Release|Any CPU.ActiveCfg = Release|Any CPU
		{74AA5661-0809-4C24-A6B4-86B668A0378D}.Release|Any CPU.Build.0 = Release|Any CPU
		{778643AB-E656-4D8C-A728-B8C0D196FA9A}.Debug|Any CPU.ActiveCfg = Debug|Any CPU
		{778643AB-E656-4D8C-A728-B8C0D196FA9A}.Debug|Any CPU.Build.0 = Debug|Any CPU
		{778643AB-E656-4D8C-A728-B8C0D196FA9A}.Release|Any CPU.ActiveCfg = Release|Any CPU
		{778643AB-E656-4D8C-A728-B8C0D196FA9A}.Release|Any CPU.Build.0 = Release|Any CPU
		{8384D37D-B682-4C5A-8D71-A42F95489E8C}.Debug|Any CPU.ActiveCfg = Debug|Any CPU
		{8384D37D-B682-4C5A-8D71-A42F95489E8C}.Debug|Any CPU.Build.0 = Debug|Any CPU
		{8384D37D-B682-4C5A-8D71-A42F95489E8C}.Release|Any CPU.ActiveCfg = Release|Any CPU
		{8384D37D-B682-4C5A-8D71-A42F95489E8C}.Release|Any CPU.Build.0 = Release|Any CPU
		{18E2DE73-D022-44D4-A1A9-6C76DD02E835}.Debug|Any CPU.ActiveCfg = Debug|Any CPU
		{18E2DE73-D022-44D4-A1A9-6C76DD02E835}.Debug|Any CPU.Build.0 = Debug|Any CPU
		{18E2DE73-D022-44D4-A1A9-6C76DD02E835}.Release|Any CPU.ActiveCfg = Release|Any CPU
		{18E2DE73-D022-44D4-A1A9-6C76DD02E835}.Release|Any CPU.Build.0 = Release|Any CPU
		{2CE4F889-E482-4520-AE89-78F4C86D57C8}.Debug|Any CPU.ActiveCfg = Debug|Any CPU
		{2CE4F889-E482-4520-AE89-78F4C86D57C8}.Debug|Any CPU.Build.0 = Debug|Any CPU
		{2CE4F889-E482-4520-AE89-78F4C86D57C8}.Release|Any CPU.ActiveCfg = Release|Any CPU
		{2CE4F889-E482-4520-AE89-78F4C86D57C8}.Release|Any CPU.Build.0 = Release|Any CPU
		{907825B8-3FAC-4399-871C-7D47E69ABADA}.Debug|Any CPU.ActiveCfg = Debug|Any CPU
		{907825B8-3FAC-4399-871C-7D47E69ABADA}.Debug|Any CPU.Build.0 = Debug|Any CPU
		{907825B8-3FAC-4399-871C-7D47E69ABADA}.Release|Any CPU.ActiveCfg = Release|Any CPU
		{907825B8-3FAC-4399-871C-7D47E69ABADA}.Release|Any CPU.Build.0 = Release|Any CPU
		{29906ABF-44DA-4E8A-B1E9-415ED0457FAF}.Debug|Any CPU.ActiveCfg = Debug|Any CPU
		{29906ABF-44DA-4E8A-B1E9-415ED0457FAF}.Debug|Any CPU.Build.0 = Debug|Any CPU
		{29906ABF-44DA-4E8A-B1E9-415ED0457FAF}.Release|Any CPU.ActiveCfg = Release|Any CPU
		{29906ABF-44DA-4E8A-B1E9-415ED0457FAF}.Release|Any CPU.Build.0 = Release|Any CPU
		{4B8BC526-775A-4D61-8657-6AA5E3ECAAF2}.Debug|Any CPU.ActiveCfg = Debug|Any CPU
		{4B8BC526-775A-4D61-8657-6AA5E3ECAAF2}.Debug|Any CPU.Build.0 = Debug|Any CPU
		{4B8BC526-775A-4D61-8657-6AA5E3ECAAF2}.Release|Any CPU.ActiveCfg = Release|Any CPU
		{4B8BC526-775A-4D61-8657-6AA5E3ECAAF2}.Release|Any CPU.Build.0 = Release|Any CPU
		{CAD62D0A-E75C-4652-A550-B27A66CD9B80}.Debug|Any CPU.ActiveCfg = Debug|Any CPU
		{CAD62D0A-E75C-4652-A550-B27A66CD9B80}.Debug|Any CPU.Build.0 = Debug|Any CPU
		{CAD62D0A-E75C-4652-A550-B27A66CD9B80}.Release|Any CPU.ActiveCfg = Release|Any CPU
		{CAD62D0A-E75C-4652-A550-B27A66CD9B80}.Release|Any CPU.Build.0 = Release|Any CPU
		{6DCBBC9C-4CBB-499B-8CC4-28BEBC02AA85}.Debug|Any CPU.ActiveCfg = Debug|Any CPU
		{6DCBBC9C-4CBB-499B-8CC4-28BEBC02AA85}.Debug|Any CPU.Build.0 = Debug|Any CPU
		{6DCBBC9C-4CBB-499B-8CC4-28BEBC02AA85}.Release|Any CPU.ActiveCfg = Release|Any CPU
		{6DCBBC9C-4CBB-499B-8CC4-28BEBC02AA85}.Release|Any CPU.Build.0 = Release|Any CPU
		{B288FC40-FA93-4581-8EC7-18EEF30AD172}.Debug|Any CPU.ActiveCfg = Debug|Any CPU
		{B288FC40-FA93-4581-8EC7-18EEF30AD172}.Debug|Any CPU.Build.0 = Debug|Any CPU
		{B288FC40-FA93-4581-8EC7-18EEF30AD172}.Release|Any CPU.ActiveCfg = Release|Any CPU
		{B288FC40-FA93-4581-8EC7-18EEF30AD172}.Release|Any CPU.Build.0 = Release|Any CPU
	EndGlobalSection
	GlobalSection(SolutionProperties) = preSolution
		HideSolutionNode = FALSE
	EndGlobalSection
	GlobalSection(NestedProjects) = preSolution
		{F58DE641-0380-4ABB-885B-50DA6C131EBE} = {917C0469-D500-4A6E-9D99-454E8D222B62}
		{BCE92FE5-0A7D-4163-A689-03819D1C9806} = {F58DE641-0380-4ABB-885B-50DA6C131EBE}
		{F8B0138E-31D7-4EF9-AE30-EC9DC316F017} = {F58DE641-0380-4ABB-885B-50DA6C131EBE}
		{0DFCE39A-01FD-4BFF-9E22-AF52ABF2BC0C} = {F58DE641-0380-4ABB-885B-50DA6C131EBE}
		{83BDBA93-AE00-433B-B388-6ADF72F9DAE9} = {F58DE641-0380-4ABB-885B-50DA6C131EBE}
		{038532BB-AFAC-4D28-A776-4BDDD86A7691} = {F58DE641-0380-4ABB-885B-50DA6C131EBE}
		{9E407F53-A701-4085-AB39-417984ABD455} = {917C0469-D500-4A6E-9D99-454E8D222B62}
		{E0170B15-88C5-4162-B8DE-DFBB0CA05576} = {9E407F53-A701-4085-AB39-417984ABD455}
		{DAF27881-2816-45AA-AB5E-958E348ACE89} = {9E407F53-A701-4085-AB39-417984ABD455}
		{521D61D6-EC87-46FA-9FCB-4FF6B3ABAFEA} = {9E407F53-A701-4085-AB39-417984ABD455}
		{F126C088-314F-4931-AB8C-A32793037A82} = {9E407F53-A701-4085-AB39-417984ABD455}
		{89171177-CC71-40F9-83A7-D160D6CF1032} = {9E407F53-A701-4085-AB39-417984ABD455}
		{8FEE558A-935E-4B86-8563-DEEDBF9C4F01} = {9E407F53-A701-4085-AB39-417984ABD455}
		{9CD2A48A-CB90-48ED-86DC-A2192D1FE756} = {9E407F53-A701-4085-AB39-417984ABD455}
		{A2FD7666-F8B7-4E26-A7C9-9627C54A95B1} = {9E407F53-A701-4085-AB39-417984ABD455}
		{24A60D0B-D0F9-4F81-92A1-CC0542BA38E5} = {9E407F53-A701-4085-AB39-417984ABD455}
		{E377AF39-D38C-446B-AC92-6F58828FA849} = {917C0469-D500-4A6E-9D99-454E8D222B62}
		{D787B3D6-6536-4EA5-A0C5-C7344AA0716C} = {E377AF39-D38C-446B-AC92-6F58828FA849}
		{D1A5C7B6-FB19-4E4C-BC88-C73D88778766} = {E377AF39-D38C-446B-AC92-6F58828FA849}
		{BAC773F2-3F12-4F26-8D3D-7BC41BC3999A} = {E377AF39-D38C-446B-AC92-6F58828FA849}
		{DC178D90-214E-4C98-991E-2216789165D5} = {E377AF39-D38C-446B-AC92-6F58828FA849}
		{74AA5661-0809-4C24-A6B4-86B668A0378D} = {E377AF39-D38C-446B-AC92-6F58828FA849}
		{778643AB-E656-4D8C-A728-B8C0D196FA9A} = {E377AF39-D38C-446B-AC92-6F58828FA849}
		{8384D37D-B682-4C5A-8D71-A42F95489E8C} = {E377AF39-D38C-446B-AC92-6F58828FA849}
		{18E2DE73-D022-44D4-A1A9-6C76DD02E835} = {E377AF39-D38C-446B-AC92-6F58828FA849}
		{2CE4F889-E482-4520-AE89-78F4C86D57C8} = {E377AF39-D38C-446B-AC92-6F58828FA849}
		{907825B8-3FAC-4399-871C-7D47E69ABADA} = {917C0469-D500-4A6E-9D99-454E8D222B62}
		{29906ABF-44DA-4E8A-B1E9-415ED0457FAF} = {E377AF39-D38C-446B-AC92-6F58828FA849}
		{4B8BC526-775A-4D61-8657-6AA5E3ECAAF2} = {E377AF39-D38C-446B-AC92-6F58828FA849}
		{CAD62D0A-E75C-4652-A550-B27A66CD9B80} = {F58DE641-0380-4ABB-885B-50DA6C131EBE}
		{6DCBBC9C-4CBB-499B-8CC4-28BEBC02AA85} = {9E407F53-A701-4085-AB39-417984ABD455}
		{B288FC40-FA93-4581-8EC7-18EEF30AD172} = {F58DE641-0380-4ABB-885B-50DA6C131EBE}
	EndGlobalSection
	GlobalSection(ExtensibilityGlobals) = postSolution
		SolutionGuid = {3067D33C-1F0A-41F9-84AE-636FD7FE5B8D}
	EndGlobalSection
EndGlobal
